
Microsoft Visual Studio Solution File, Format Version 12.00
# Visual Studio Version 16
VisualStudioVersion = 16.0.31112.23
MinimumVisualStudioVersion = 10.0.40219.1
Project("{FAE04EC0-301F-11D3-BF4B-00C04F79EFBC}") = "Assembly-CSharp", "Assembly-CSharp.csproj", "{B3A217B7-1DB3-99A3-38BA-473A04EDE6E9}"
EndProject
Global
	GlobalSection(SolutionConfigurationPlatforms) = preSolution
		Debug|Any CPU = Debug|Any CPU
		Debug|x64 = Debug|x64
		Release|Any CPU = Release|Any CPU
		Release|x64 = Release|x64
	EndGlobalSection
	GlobalSection(ProjectConfigurationPlatforms) = postSolution
		{B3A217B7-1DB3-99A3-38BA-473A04EDE6E9}.Debug|Any CPU.ActiveCfg = Debug|Any CPU
		{B3A217B7-1DB3-99A3-38BA-473A04EDE6E9}.Debug|Any CPU.Build.0 = Debug|Any CPU
		{B3A217B7-1DB3-99A3-38BA-473A04EDE6E9}.Debug|x64.ActiveCfg = Debug|x64
		{B3A217B7-1DB3-99A3-38BA-473A04EDE6E9}.Debug|x64.Build.0 = Debug|x64
		{B3A217B7-1DB3-99A3-38BA-473A04EDE6E9}.Release|Any CPU.ActiveCfg = Release|Any CPU
		{B3A217B7-1DB3-99A3-38BA-473A04EDE6E9}.Release|Any CPU.Build.0 = Release|Any CPU
		{B3A217B7-1DB3-99A3-38BA-473A04EDE6E9}.Release|x64.ActiveCfg = Release|x64
		{B3A217B7-1DB3-99A3-38BA-473A04EDE6E9}.Release|x64.Build.0 = Release|x64
	EndGlobalSection
	GlobalSection(SolutionProperties) = preSolution
		HideSolutionNode = FALSE
	EndGlobalSection
	GlobalSection(ExtensibilityGlobals) = postSolution
		SolutionGuid = {282F0764-84F1-421C-9194-EFC0423CE5FF}
	EndGlobalSection
EndGlobal
